// !$*UTF8*$!
{
	archiveVersion = 1;
	classes = {
	};
	objectVersion = 77;
	objects = {

/* Begin PBXContainerItemProxy section */
		21E84BBE2DB0548300AE4A52 /* PBXContainerItemProxy */ = {
			isa = PBXContainerItemProxy;
			containerPortal = 21E84BA72DB0548200AE4A52 /* Project object */;
			proxyType = 1;
			remoteGlobalIDString = 21E84BAE2DB0548200AE4A52;
			remoteInfo = hz;
		};
		21E84BC82DB0548300AE4A52 /* PBXContainerItemProxy */ = {
			isa = PBXContainerItemProxy;
			containerPortal = 21E84BA72DB0548200AE4A52 /* Project object */;
			proxyType = 1;
			remoteGlobalIDString = 21E84BAE2DB0548200AE4A52;
			remoteInfo = hz;
		};
/* End PBXContainerItemProxy section */

/* Begin PBXFileReference section */
		21E84BAF2DB0548200AE4A52 /* hz.app */ = {isa = PBXFileReference; explicitFileType = wrapper.application; includeInIndex = 0; path = hz.app; sourceTree = BUILT_PRODUCTS_DIR; };
		21E84BBD2DB0548300AE4A52 /* hzTests.xctest */ = {isa = PBXFileReference; explicitFileType = wrapper.cfbundle; includeInIndex = 0; path = hzTests.xctest; sourceTree = BUILT_PRODUCTS_DIR; };
		21E84BC72DB0548300AE4A52 /* hzUITests.xctest */ = {isa = PBXFileReference; explicitFileType = wrapper.cfbundle; includeInIndex = 0; path = hzUITests.xctest; sourceTree = BUILT_PRODUCTS_DIR; };
/* End PBXFileReference section */

/* Begin PBXFileSystemSynchronizedRootGroup section */
		21E84BB12DB0548200AE4A52 /* hz */ = {
			isa = PBXFileSystemSynchronizedRootGroup;
			path = hz;
			sourceTree = "<group>";
		};
		21E84BC02DB0548300AE4A52 /* hzTests */ = {
			isa = PBXFileSystemSynchronizedRootGroup;
			path = hzTests;
			sourceTree = "<group>";
		};
		21E84BCA2DB0548300AE4A52 /* hzUITests */ = {
			isa = PBXFileSystemSynchronizedRootGroup;
			path = hzUITests;
			sourceTree = "<group>";
		};
/* End PBXFileSystemSynchronizedRootGroup section */

/* Begin PBXFrameworksBuildPhase section */
		21E84BAC2DB0548200AE4A52 /* Frameworks */ = {
			isa = PBXFrameworksBuildPhase;
			buildActionMask = 2147483647;
			files = (
			);
			runOnlyForDeploymentPostprocessing = 0;
		};
		21E84BBA2DB0548300AE4A52 /* Frameworks */ = {
			isa = PBXFrameworksBuildPhase;
			buildActionMask = 2147483647;
			files = (
			);
			runOnlyForDeploymentPostprocessing = 0;
		};
		21E84BC42DB0548300AE4A52 /* Frameworks */ = {
			isa = PBXFrameworksBuildPhase;
			buildActionMask = 2147483647;
			files = (
			);
			runOnlyForDeploymentPostprocessing = 0;
		};
/* End PBXFrameworksBuildPhase section */

/* Begin PBXGroup section */
		21E84BA62DB0548200AE4A52 = {
			isa = PBXGroup;
			children = (
				21E84BB12DB0548200AE4A52 /* hz */,
				21E84BC02DB0548300AE4A52 /* hzTests */,
				21E84BCA2DB0548300AE4A52 /* hzUITests */,
				21E84BB02DB0548200AE4A52 /* Products */,
			);
			sourceTree = "<group>";
		};
		21E84BB02DB0548200AE4A52 /* Products */ = {
			isa = PBXGroup;
			children = (
				21E84BAF2DB0548200AE4A52 /* hz.app */,
				21E84BBD2DB0548300AE4A52 /* hzTests.xctest */,
				21E84BC72DB0548300AE4A52 /* hzUITests.xctest */,
			);
			name = Products;
			sourceTree = "<group>";
		};
/* End PBXGroup section */

/* Begin PBXNativeTarget section */
		21E84BAE2DB0548200AE4A52 /* hz */ = {
			isa = PBXNativeTarget;
			buildConfigurationList = 21E84BD12DB0548300AE4A52 /* Build configuration list for PBXNativeTarget "hz" */;
			buildPhases = (
				21E84BAB2DB0548200AE4A52 /* Sources */,
				21E84BAC2DB0548200AE4A52 /* Frameworks */,
				21E84BAD2DB0548200AE4A52 /* Resources */,
			);
			buildRules = (
			);
			dependencies = (
			);
			fileSystemSynchronizedGroups = (
				21E84BB12DB0548200AE4A52 /* hz */,
			);
			name = hz;
			packageProductDependencies = (
			);
			productName = hz;
			productReference = 21E84BAF2DB0548200AE4A52 /* hz.app */;
			productType = "com.apple.product-type.application";
		};
		21E84BBC2DB0548300AE4A52 /* hzTests */ = {
			isa = PBXNativeTarget;
			buildConfigurationList = 21E84BD42DB0548300AE4A52 /* Build configuration list for PBXNativeTarget "hzTests" */;
			buildPhases = (
				21E84BB92DB0548300AE4A52 /* Sources */,
				21E84BBA2DB0548300AE4A52 /* Frameworks */,
				21E84BBB2DB0548300AE4A52 /* Resources */,
			);
			buildRules = (
			);
			dependencies = (
				21E84BBF2DB0548300AE4A52 /* PBXTargetDependency */,
			);
			fileSystemSynchronizedGroups = (
				21E84BC02DB0548300AE4A52 /* hzTests */,
			);
			name = hzTests;
			packageProductDependencies = (
			);
			productName = hzTests;
			productReference = 21E84BBD2DB0548300AE4A52 /* hzTests.xctest */;
			productType = "com.apple.product-type.bundle.unit-test";
		};
		21E84BC62DB0548300AE4A52 /* hzUITests */ = {
			isa = PBXNativeTarget;
			buildConfigurationList = 21E84BD72DB0548300AE4A52 /* Build configuration list for PBXNativeTarget "hzUITests" */;
			buildPhases = (
				21E84BC32DB0548300AE4A52 /* Sources */,
				21E84BC42DB0548300AE4A52 /* Frameworks */,
				21E84BC52DB0548300AE4A52 /* Resources */,
			);
			buildRules = (
			);
			dependencies = (
				21E84BC92DB0548300AE4A52 /* PBXTargetDependency */,
			);
			fileSystemSynchronizedGroups = (
				21E84BCA2DB0548300AE4A52 /* hzUITests */,
			);
			name = hzUITests;
			packageProductDependencies = (
			);
			productName = hzUITests;
			productReference = 21E84BC72DB0548300AE4A52 /* hzUITests.xctest */;
			productType = "com.apple.product-type.bundle.ui-testing";
		};
/* End PBXNativeTarget section */

/* Begin PBXProject section */
		21E84BA72DB0548200AE4A52 /* Project object */ = {
			isa = PBXProject;
			attributes = {
				BuildIndependentTargetsInParallel = 1;
				LastSwiftUpdateCheck = 1630;
				LastUpgradeCheck = 1630;
				TargetAttributes = {
					21E84BAE2DB0548200AE4A52 = {
						CreatedOnToolsVersion = 16.3;
					};
					21E84BBC2DB0548300AE4A52 = {
						CreatedOnToolsVersion = 16.3;
						TestTargetID = 21E84BAE2DB0548200AE4A52;
					};
					21E84BC62DB0548300AE4A52 = {
						CreatedOnToolsVersion = 16.3;
						TestTargetID = 21E84BAE2DB0548200AE4A52;
					};
				};
			};
			buildConfigurationList = 21E84BAA2DB0548200AE4A52 /* Build configuration list for PBXProject "hz" */;
			developmentRegion = en;
			hasScannedForEncodings = 0;
			knownRegions = (
				en,
				Base,
			);
			mainGroup = 21E84BA62DB0548200AE4A52;
			minimizedProjectReferenceProxies = 1;
			packageReferences = (
			);
			preferredProjectObjectVersion = 77;
			productRefGroup = 21E84BB02DB0548200AE4A52 /* Products */;
			projectDirPath = "";
			projectRoot = "";
			targets = (
				21E84BAE2DB0548200AE4A52 /* hz */,
				21E84BBC2DB0548300AE4A52 /* hzTests */,
				21E84BC62DB0548300AE4A52 /* hzUITests */,
			);
		};
/* End PBXProject section */

/* Begin PBXResourcesBuildPhase section */
		21E84BAD2DB0548200AE4A52 /* Resources */ = {
			isa = PBXResourcesBuildPhase;
			buildActionMask = 2147483647;
			files = (
			);
			runOnlyForDeploymentPostprocessing = 0;
		};
		21E84BBB2DB0548300AE4A52 /* Resources */ = {
			isa = PBXResourcesBuildPhase;
			buildActionMask = 2147483647;
			files = (
			);
			runOnlyForDeploymentPostprocessing = 0;
		};
		21E84BC52DB0548300AE4A52 /* Resources */ = {
			isa = PBXResourcesBuildPhase;
			buildActionMask = 2147483647;
			files = (
			);
			runOnlyForDeploymentPostprocessing = 0;
		};
/* End PBXResourcesBuildPhase section */

/* Begin PBXSourcesBuildPhase section */
		21E84BAB2DB0548200AE4A52 /* Sources */ = {
			isa = PBXSourcesBuildPhase;
			buildActionMask = 2147483647;
			files = (
			);
			runOnlyForDeploymentPostprocessing = 0;
		};
		21E84BB92DB0548300AE4A52 /* Sources */ = {
			isa = PBXSourcesBuildPhase;
			buildActionMask = 2147483647;
			files = (
			);
			runOnlyForDeploymentPostprocessing = 0;
		};
		21E84BC32DB0548300AE4A52 /* Sources */ = {
			isa = PBXSourcesBuildPhase;
			buildActionMask = 2147483647;
			files = (
			);
			runOnlyForDeploymentPostprocessing = 0;
		};
/* End PBXSourcesBuildPhase section */

/* Begin PBXTargetDependency section */
		21E84BBF2DB0548300AE4A52 /* PBXTargetDependency */ = {
			isa = PBXTargetDependency;
			target = 21E84BAE2DB0548200AE4A52 /* hz */;
			targetProxy = 21E84BBE2DB0548300AE4A52 /* PBXContainerItemProxy */;
		};
		21E84BC92DB0548300AE4A52 /* PBXTargetDependency */ = {
			isa = PBXTargetDependency;
			target = 21E84BAE2DB0548200AE4A52 /* hz */;
			targetProxy = 21E84BC82DB0548300AE4A52 /* PBXContainerItemProxy */;
		};
/* End PBXTargetDependency section */

/* Begin XCBuildConfiguration section */
		21E84BCF2DB0548300AE4A52 /* Debug */ = {
			isa = XCBuildConfiguration;
			buildSettings = {
				ALWAYS_SEARCH_USER_PATHS = NO;
				ASSETCATALOG_COMPILER_GENERATE_SWIFT_ASSET_SYMBOL_EXTENSIONS = YES;
				CLANG_ANALYZER_NONNULL = YES;
				CLANG_ANALYZER_NUMBER_OBJECT_CONVERSION = YES_AGGRESSIVE;
				CLANG_CXX_LANGUAGE_STANDARD = "gnu++20";
				CLANG_ENABLE_MODULES = YES;
				CLANG_ENABLE_OBJC_ARC = YES;
				CLANG_ENABLE_OBJC_WEAK = YES;
				CLANG_WARN_BLOCK_CAPTURE_AUTORELEASING = YES;
				CLANG_WARN_BOOL_CONVERSION = YES;
				CLANG_WARN_COMMA = YES;
				CLANG_WARN_CONSTANT_CONVERSION = YES;
				CLANG_WARN_DEPRECATED_OBJC_IMPLEMENTATIONS = YES;
				CLANG_WARN_DIRECT_OBJC_ISA_USAGE = YES_ERROR;
				CLANG_WARN_DOCUMENTATION_COMMENTS = YES;
				CLANG_WARN_EMPTY_BODY = YES;
				CLANG_WARN_ENUM_CONVERSION = YES;
				CLANG_WARN_INFINITE_RECURSION = YES;
				CLANG_WARN_INT_CONVERSION = YES;
				CLANG_WARN_NON_LITERAL_NULL_CONVERSION = YES;
				CLANG_WARN_OBJC_IMPLICIT_RETAIN_SELF = YES;
				CLANG_WARN_OBJC_LITERAL_CONVERSION = YES;
				CLANG_WARN_OBJC_ROOT_CLASS = YES_ERROR;
				CLANG_WARN_QUOTED_INCLUDE_IN_FRAMEWORK_HEADER = YES;
				CLANG_WARN_RANGE_LOOP_ANALYSIS = YES;
				CLANG_WARN_STRICT_PROTOTYPES = YES;
				CLANG_WARN_SUSPICIOUS_MOVE = YES;
				CLANG_WARN_UNGUARDED_AVAILABILITY = YES_AGGRESSIVE;
				CLANG_WARN_UNREACHABLE_CODE = YES;
				CLANG_WARN__DUPLICATE_METHOD_MATCH = YES;
				COPY_PHASE_STRIP = NO;
				DEBUG_INFORMATION_FORMAT = dwarf;
				ENABLE_STRICT_OBJC_MSGSEND = YES;
				ENABLE_TESTABILITY = YES;
				ENABLE_USER_SCRIPT_SANDBOXING = YES;
				GCC_C_LANGUAGE_STANDARD = gnu17;
				GCC_DYNAMIC_NO_PIC = NO;
				GCC_NO_COMMON_BLOCKS = YES;
				GCC_OPTIMIZATION_LEVEL = 0;
				GCC_PREPROCESSOR_DEFINITIONS = (
					"DEBUG=1",
					"$(inherited)",
				);
				GCC_WARN_64_TO_32_BIT_CONVERSION = YES;
				GCC_WARN_ABOUT_RETURN_TYPE = YES_ERROR;
				GCC_WARN_UNDECLARED_SELECTOR = YES;
				GCC_WARN_UNINITIALIZED_AUTOS = YES_AGGRESSIVE;
				GCC_WARN_UNUSED_FUNCTION = YES;
				GCC_WARN_UNUSED_VARIABLE = YES;
				LOCALIZATION_PREFERS_STRING_CATALOGS = YES;
				MACOSX_DEPLOYMENT_TARGET = 15.4;
				MTL_ENABLE_DEBUG_INFO = INCLUDE_SOURCE;
				MTL_FAST_MATH = YES;
				ONLY_ACTIVE_ARCH = YES;
				SDKROOT = macosx;
				SWIFT_ACTIVE_COMPILATION_CONDITIONS = "DEBUG $(inherited)";
				SWIFT_OPTIMIZATION_LEVEL = "-Onone";
			};
			name = Debug;
		};
		21E84BD02DB0548300AE4A52 /* Release */ = {
			isa = XCBuildConfiguration;
			buildSettings = {
				ALWAYS_SEARCH_USER_PATHS = NO;
				ASSETCATALOG_COMPILER_GENERATE_SWIFT_ASSET_SYMBOL_EXTENSIONS = YES;
				CLANG_ANALYZER_NONNULL = YES;
				CLANG_ANALYZER_NUMBER_OBJECT_CONVERSION = YES_AGGRESSIVE;
				CLANG_CXX_LANGUAGE_STANDARD = "gnu++20";
				CLANG_ENABLE_MODULES = YES;
				CLANG_ENABLE_OBJC_ARC = YES;
				CLANG_ENABLE_OBJC_WEAK = YES;
				CLANG_WARN_BLOCK_CAPTURE_AUTORELEASING = YES;
				CLANG_WARN_BOOL_CONVERSION = YES;
				CLANG_WARN_COMMA = YES;
				CLANG_WARN_CONSTANT_CONVERSION = YES;
				CLANG_WARN_DEPRECATED_OBJC_IMPLEMENTATIONS = YES;
				CLANG_WARN_DIRECT_OBJC_ISA_USAGE = YES_ERROR;
				CLANG_WARN_DOCUMENTATION_COMMENTS = YES;
				CLANG_WARN_EMPTY_BODY = YES;
				CLANG_WARN_ENUM_CONVERSION = YES;
				CLANG_WARN_INFINITE_RECURSION = YES;
				CLANG_WARN_INT_CONVERSION = YES;
				CLANG_WARN_NON_LITERAL_NULL_CONVERSION = YES;
				CLANG_WARN_OBJC_IMPLICIT_RETAIN_SELF = YES;
				CLANG_WARN_OBJC_LITERAL_CONVERSION = YES;
				CLANG_WARN_OBJC_ROOT_CLASS = YES_ERROR;
				CLANG_WARN_QUOTED_INCLUDE_IN_FRAMEWORK_HEADER = YES;
				CLANG_WARN_RANGE_LOOP_ANALYSIS = YES;
				CLANG_WARN_STRICT_PROTOTYPES = YES;
				CLANG_WARN_SUSPICIOUS_MOVE = YES;
				CLANG_WARN_UNGUARDED_AVAILABILITY = YES_AGGRESSIVE;
				CLANG_WARN_UNREACHABLE_CODE = YES;
				CLANG_WARN__DUPLICATE_METHOD_MATCH = YES;
				COPY_PHASE_STRIP = NO;
				DEBUG_INFORMATION_FORMAT = "dwarf-with-dsym";
				ENABLE_NS_ASSERTIONS = NO;
				ENABLE_STRICT_OBJC_MSGSEND = YES;
				ENABLE_USER_SCRIPT_SANDBOXING = YES;
				GCC_C_LANGUAGE_STANDARD = gnu17;
				GCC_NO_COMMON_BLOCKS = YES;
				GCC_WARN_64_TO_32_BIT_CONVERSION = YES;
				GCC_WARN_ABOUT_RETURN_TYPE = YES_ERROR;
				GCC_WARN_UNDECLARED_SELECTOR = YES;
				GCC_WARN_UNINITIALIZED_AUTOS = YES_AGGRESSIVE;
				GCC_WARN_UNUSED_FUNCTION = YES;
				GCC_WARN_UNUSED_VARIABLE = YES;
				LOCALIZATION_PREFERS_STRING_CATALOGS = YES;
				MACOSX_DEPLOYMENT_TARGET = 15.4;
				MTL_ENABLE_DEBUG_INFO = NO;
				MTL_FAST_MATH = YES;
				SDKROOT = macosx;
				SWIFT_COMPILATION_MODE = wholemodule;
			};
			name = Release;
		};
		21E84BD22DB0548300AE4A52 /* Debug */ = {
			isa = XCBuildConfiguration;
			buildSettings = {
				ASSETCATALOG_COMPILER_APPICON_NAME = AppIcon;
				ASSETCATALOG_COMPILER_GLOBAL_ACCENT_COLOR_NAME = AccentColor;
				CODE_SIGN_ENTITLEMENTS = hz/hz.entitlements;
				CODE_SIGN_STYLE = Automatic;
				COMBINE_HIDPI_IMAGES = YES;
				CURRENT_PROJECT_VERSION = 1;
				ENABLE_PREVIEWS = YES;
				GENERATE_INFOPLIST_FILE = YES;
				INFOPLIST_KEY_NSHumanReadableCopyright = "";
				LD_RUNPATH_SEARCH_PATHS = (
					"$(inherited)",
					"@executable_path/../Frameworks",
				);
				MARKETING_VERSION = 1.0;
				PRODUCT_BUNDLE_IDENTIFIER = com.agatha.hz;
				PRODUCT_NAME = "$(TARGET_NAME)";
				REGISTER_APP_GROUPS = YES;
				SWIFT_EMIT_LOC_STRINGS = YES;
				SWIFT_VERSION = 5.0;
			};
			name = Debug;
		};
		21E84BD32DB0548300AE4A52 /* Release */ = {
			isa = XCBuildConfiguration;
			buildSettings = {
				ASSETCATALOG_COMPILER_APPICON_NAME = AppIcon;
				ASSETCATALOG_COMPILER_GLOBAL_ACCENT_COLOR_NAME = AccentColor;
				CODE_SIGN_ENTITLEMENTS = hz/hz.entitlements;
				CODE_SIGN_STYLE = Automatic;
				COMBINE_HIDPI_IMAGES = YES;
				CURRENT_PROJECT_VERSION = 1;
				ENABLE_PREVIEWS = YES;
				GENERATE_INFOPLIST_FILE = YES;
				INFOPLIST_KEY_NSHumanReadableCopyright = "";
				LD_RUNPATH_SEARCH_PATHS = (
					"$(inherited)",
					"@executable_path/../Frameworks",
				);
				MARKETING_VERSION = 1.0;
				PRODUCT_BUNDLE_IDENTIFIER = com.agatha.hz;
				PRODUCT_NAME = "$(TARGET_NAME)";
				REGISTER_APP_GROUPS = YES;
				SWIFT_EMIT_LOC_STRINGS = YES;
				SWIFT_VERSION = 5.0;
			};
			name = Release;
		};
		21E84BD52DB0548300AE4A52 /* Debug */ = {
			isa = XCBuildConfiguration;
			buildSettings = {
				BUNDLE_LOADER = "$(TEST_HOST)";
				CODE_SIGN_STYLE = Automatic;
				CURRENT_PROJECT_VERSION = 1;
				GENERATE_INFOPLIST_FILE = YES;
				MACOSX_DEPLOYMENT_TARGET = 15.4;
				MARKETING_VERSION = 1.0;
				PRODUCT_BUNDLE_IDENTIFIER = com.agatha.hzTests;
				PRODUCT_NAME = "$(TARGET_NAME)";
				SWIFT_EMIT_LOC_STRINGS = NO;
				SWIFT_VERSION = 5.0;
				TEST_HOST = "$(BUILT_PRODUCTS_DIR)/hz.app/$(BUNDLE_EXECUTABLE_FOLDER_PATH)/hz";
			};
			name = Debug;
		};
		21E84BD62DB0548300AE4A52 /* Release */ = {
			isa = XCBuildConfiguration;
			buildSettings = {
				BUNDLE_LOADER = "$(TEST_HOST)";
				CODE_SIGN_STYLE = Automatic;
				CURRENT_PROJECT_VERSION = 1;
				GENERATE_INFOPLIST_FILE = YES;
				MACOSX_DEPLOYMENT_TARGET = 15.4;
				MARKETING_VERSION = 1.0;
				PRODUCT_BUNDLE_IDENTIFIER = com.agatha.hzTests;
				PRODUCT_NAME = "$(TARGET_NAME)";
				SWIFT_EMIT_LOC_STRINGS = NO;
				SWIFT_VERSION = 5.0;
				TEST_HOST = "$(BUILT_PRODUCTS_DIR)/hz.app/$(BUNDLE_EXECUTABLE_FOLDER_PATH)/hz";
			};
			name = Release;
		};
		21E84BD82DB0548300AE4A52 /* Debug */ = {
			isa = XCBuildConfiguration;
			buildSettings = {
				CODE_SIGN_STYLE = Automatic;
				CURRENT_PROJECT_VERSION = 1;
				GENERATE_INFOPLIST_FILE = YES;
				MARKETING_VERSION = 1.0;
				PRODUCT_BUNDLE_IDENTIFIER = com.agatha.hzUITests;
				PRODUCT_NAME = "$(TARGET_NAME)";
				SWIFT_EMIT_LOC_STRINGS = NO;
				SWIFT_VERSION = 5.0;
				TEST_TARGET_NAME = hz;
			};
			name = Debug;
		};
		21E84BD92DB0548300AE4A52 /* Release */ = {
			isa = XCBuildConfiguration;
			buildSettings = {
				CODE_SIGN_STYLE = Automatic;
				CURRENT_PROJECT_VERSION = 1;
				GENERATE_INFOPLIST_FILE = YES;
				MARKETING_VERSION = 1.0;
				PRODUCT_BUNDLE_IDENTIFIER = com.agatha.hzUITests;
				PRODUCT_NAME = "$(TARGET_NAME)";
				SWIFT_EMIT_LOC_STRINGS = NO;
				SWIFT_VERSION = 5.0;
				TEST_TARGET_NAME = hz;
			};
			name = Release;
		};
/* End XCBuildConfiguration section */

/* Begin XCConfigurationList section */
		21E84BAA2DB0548200AE4A52 /* Build configuration list for PBXProject "hz" */ = {
			isa = XCConfigurationList;
			buildConfigurations = (
				21E84BCF2DB0548300AE4A52 /* Debug */,
				21E84BD02DB0548300AE4A52 /* Release */,
			);
			defaultConfigurationIsVisible = 0;
			defaultConfigurationName = Release;
		};
		21E84BD12DB0548300AE4A52 /* Build configuration list for PBXNativeTarget "hz" */ = {
			isa = XCConfigurationList;
			buildConfigurations = (
				21E84BD22DB0548300AE4A52 /* Debug */,
				21E84BD32DB0548300AE4A52 /* Release */,
			);
			defaultConfigurationIsVisible = 0;
			defaultConfigurationName = Release;
		};
		21E84BD42DB0548300AE4A52 /* Build configuration list for PBXNativeTarget "hzTests" */ = {
			isa = XCConfigurationList;
			buildConfigurations = (
				21E84BD52DB0548300AE4A52 /* Debug */,
				21E84BD62DB0548300AE4A52 /* Release */,
			);
			defaultConfigurationIsVisible = 0;
			defaultConfigurationName = Release;
		};
		21E84BD72DB0548300AE4A52 /* Build configuration list for PBXNativeTarget "hzUITests" */ = {
			isa = XCConfigurationList;
			buildConfigurations = (
				21E84BD82DB0548300AE4A52 /* Debug */,
				21E84BD92DB0548300AE4A52 /* Release */,
			);
			defaultConfigurationIsVisible = 0;
			defaultConfigurationName = Release;
		};
/* End XCConfigurationList section */
	};
	rootObject = 21E84BA72DB0548200AE4A52 /* Project object */;
}
